
Microsoft Visual Studio Solution File, Format Version 12.00
# Visual Studio Version 17
VisualStudioVersion = 17.4.33110.190
MinimumVisualStudioVersion = 10.0.40219.1
Project("{FAE04EC0-301F-11D3-BF4B-00C04F79EFBC}") = "Snouter.Api", "Snouter.Api\Snouter.Api.csproj", "{AC598A3B-ACEA-4BC3-AE2E-C9EDCCDF7976}"
EndProject
Project("{FAE04EC0-301F-11D3-BF4B-00C04F79EFBC}") = "Snouter.Application", "Snouter.Application\Snouter.Application.csproj", "{C30A0130-F989-4C6C-A7D2-3609F30DE95F}"
EndProject
Project("{FAE04EC0-301F-11D3-BF4B-00C04F79EFBC}") = "Snouter.Contracts", "Snouter.Contracts\Snouter.Contracts.csproj", "{A962C396-2A75-4892-AD33-1B3979D19274}"
EndProject
Global
	GlobalSection(SolutionConfigurationPlatforms) = preSolution
		Debug|Any CPU = Debug|Any CPU
		Release|Any CPU = Release|Any CPU
	EndGlobalSection
	GlobalSection(ProjectConfigurationPlatforms) = postSolution
		{AC598A3B-ACEA-4BC3-AE2E-C9EDCCDF7976}.Debug|Any CPU.ActiveCfg = Debug|Any CPU
		{AC598A3B-ACEA-4BC3-AE2E-C9EDCCDF7976}.Debug|Any CPU.Build.0 = Debug|Any CPU
		{AC598A3B-ACEA-4BC3-AE2E-C9EDCCDF7976}.Release|Any CPU.ActiveCfg = Release|Any CPU
		{AC598A3B-ACEA-4BC3-AE2E-C9EDCCDF7976}.Release|Any CPU.Build.0 = Release|Any CPU
		{C30A0130-F989-4C6C-A7D2-3609F30DE95F}.Debug|Any CPU.ActiveCfg = Debug|Any CPU
		{C30A0130-F989-4C6C-A7D2-3609F30DE95F}.Debug|Any CPU.Build.0 = Debug|Any CPU
		{C30A0130-F989-4C6C-A7D2-3609F30DE95F}.Release|Any CPU.ActiveCfg = Release|Any CPU
		{C30A0130-F989-4C6C-A7D2-3609F30DE95F}.Release|Any CPU.Build.0 = Release|Any CPU
		{A962C396-2A75-4892-AD33-1B3979D19274}.Debug|Any CPU.ActiveCfg = Debug|Any CPU
		{A962C396-2A75-4892-AD33-1B3979D19274}.Debug|Any CPU.Build.0 = Debug|Any CPU
		{A962C396-2A75-4892-AD33-1B3979D19274}.Release|Any CPU.ActiveCfg = Release|Any CPU
		{A962C396-2A75-4892-AD33-1B3979D19274}.Release|Any CPU.Build.0 = Release|Any CPU
	EndGlobalSection
	GlobalSection(SolutionProperties) = preSolution
		HideSolutionNode = FALSE
	EndGlobalSection
	GlobalSection(ExtensibilityGlobals) = postSolution
		SolutionGuid = {4075B329-17EF-4F13-ABA1-0C4EF14A81AB}
	EndGlobalSection
EndGlobal
